# This file is machine-generated by `gh actions-lock`.
# Do not edit by hand; run `gh actions-lock` to update.
# Docs: https://gh.io/actions-lockfile
version: 'v0.0.2'
workflows:
    '.github/workflows/_build-scan-push.yml':
        - 'actions/checkout@v7.0.1'
        - 'aquasecurity/trivy-action@v0.36.0'
        - 'docker/build-push-action@v7.4.0'
        - 'docker/login-action@v4.6.0'
        - 'docker/setup-buildx-action@v4.4.1'
    '.github/workflows/build-push.yml':
        - 'actions/checkout@v7.0.1'
    '.github/workflows/infra-ci.yml':
        - 'actions/cache@v6.1.0'
        - 'actions/checkout@v7.0.1'
    '.github/workflows/update-schemas.yml':
        - 'actions/checkout@v7.0.1'
        - 'astral-sh/setup-uv@v10.2.0'
    '.github/workflows/verify-actions-lock.yml':
        - 'actions/checkout@v7.0.1'
dependencies:
    'actions/cache@27d5ce7f107fe9357f9df03efb73ab90386fccae':
        ref: 'v5.0.5'
        commit: 'sha1-27d5ce7f107fe9357f9df03efb73ab90386fccae'
        owner_id: 44036562
        repo_id: 215566462
    'actions/cache@9255dc7a253b0ccc959486e2bca901246202afeb':
        ref: 'v5.0.1'
        commit: 'sha1-9255dc7a253b0ccc959486e2bca901246202afeb'
        owner_id: 44036562
        repo_id: 215566462
    'actions/cache@v6.1.0':
        ref: 'v6.1.0'
        commit: 'sha1-55cc8345863c7cc4c66a329aec7e433d2d1c52a9'
        owner_id: 44036562
        repo_id: 215566462
    'actions/checkout@8e8c483db84b4bee98b60c0593521ed34d9990e8':
        ref: 'v6.0.1'
        commit: 'sha1-8e8c483db84b4bee98b60c0593521ed34d9990e8'
        owner_id: 44036562
        repo_id: 197814629
    'actions/checkout@v7.0.1':
        ref: 'v7.0.1'
        commit: 'sha1-3d3c42e5aac5ba805825da76410c181273ba90b1'
        owner_id: 44036562
        repo_id: 197814629
    'aquasecurity/setup-trivy@3fb12ec12f41e471780db15c232d5dd185dcb514':
        ref: 'v0.2.6'
        commit: 'sha1-3fb12ec12f41e471780db15c232d5dd185dcb514'
        owner_id: 12783832
        repo_id: 869952525
        uses:
            - 'actions/cache@9255dc7a253b0ccc959486e2bca901246202afeb'
            - 'actions/checkout@8e8c483db84b4bee98b60c0593521ed34d9990e8'
    'aquasecurity/trivy-action@v0.36.0':
        ref: 'v0.36.0'
        commit: 'sha1-ed142fd0673e97e23eac54620cfb913e5ce36c25'
        owner_id: 12783832
        repo_id: 268833180
        uses:
            - 'actions/cache@27d5ce7f107fe9357f9df03efb73ab90386fccae'
            - 'aquasecurity/setup-trivy@3fb12ec12f41e471780db15c232d5dd185dcb514'
    'astral-sh/setup-uv@v10.2.0':
        ref: 'v10.2.0'
        commit: 'sha1-c18668ad3cf93ea998bef934396af7bb5c839dc7'
        owner_id: 115962839
        repo_id: 846733598
    'docker/build-push-action@v7.4.0':
        ref: 'v7.4.0'
        commit: 'sha1-c3c9e263c25d99ce0380d002d59b67737d91b0dc'
        owner_id: 5429470
        repo_id: 241092383
    'docker/login-action@v4.6.0':
        ref: 'v4.6.0'
        commit: 'sha1-dbcb813823bdd20940b903addbd779551569679f'
        owner_id: 5429470
        repo_id: 287743349
    'docker/setup-buildx-action@v4.4.1':
        ref: 'v4.4.1'
        commit: 'sha1-f87e5991a6d7451dcb8d9637bfbc97413f497069'
        owner_id: 5429470
        repo_id: 288485773
