# This file is machine-generated by `gh actions-lock`.
# Do not edit by hand; run `gh actions-lock` to update.
# Docs: https://gh.io/actions-lockfile
version: 'v0.0.2'
workflows:
    '.github/workflows/_build-scan-push.yml':
        - 'actions/checkout@v4.4.0'
        - 'aquasecurity/trivy-action@master'
        - 'docker/build-push-action@v6.19.2'
        - 'docker/login-action@v3.7.0'
        - 'docker/setup-buildx-action@v3.12.0'
    '.github/workflows/build-push.yml':
        - 'actions/checkout@v4.4.0'
    '.github/workflows/infra-ci.yml':
        - 'actions/cache@v4.3.0'
        - 'actions/checkout@v4.4.0'
    '.github/workflows/update-schemas.yml':
        - 'actions/checkout@v4.4.0'
        - 'astral-sh/setup-uv@v4.2.0'
    '.github/workflows/verify-actions-lock.yml':
        - 'actions/checkout@v4.4.0'
dependencies:
    'actions/cache@55cc8345863c7cc4c66a329aec7e433d2d1c52a9':
        ref: 'v6.1.0'
        commit: 'sha1-55cc8345863c7cc4c66a329aec7e433d2d1c52a9'
        owner_id: 44036562
        repo_id: 215566462
    'actions/cache@9255dc7a253b0ccc959486e2bca901246202afeb':
        ref: 'v5.0.1'
        commit: 'sha1-9255dc7a253b0ccc959486e2bca901246202afeb'
        owner_id: 44036562
        repo_id: 215566462
    'actions/cache@v4.3.0':
        ref: 'v4.3.0'
        commit: 'sha1-0057852bfaa89a56745cba8c7296529d2fc39830'
        owner_id: 44036562
        repo_id: 215566462
    'actions/checkout@8e8c483db84b4bee98b60c0593521ed34d9990e8':
        ref: 'v6.0.1'
        commit: 'sha1-8e8c483db84b4bee98b60c0593521ed34d9990e8'
        owner_id: 44036562
        repo_id: 197814629
    'actions/checkout@v4.4.0':
        ref: 'v4.4.0'
        commit: 'sha1-11d5960a326750d5838078e36cf38b85af677262'
        owner_id: 44036562
        repo_id: 197814629
    'aquasecurity/setup-trivy@81e514348e19b6112ce2a7e3ecbafe19c1e1f567':
        ref: 'v0.3.1'
        commit: 'sha1-81e514348e19b6112ce2a7e3ecbafe19c1e1f567'
        owner_id: 12783832
        repo_id: 869952525
        uses:
            - 'actions/cache@9255dc7a253b0ccc959486e2bca901246202afeb'
            - 'actions/checkout@8e8c483db84b4bee98b60c0593521ed34d9990e8'
    'aquasecurity/trivy-action@master':
        ref: 'master'
        commit: 'sha1-c03d123cb480c08c69b054af418ea5e69fe6e57e'
        owner_id: 12783832
        repo_id: 268833180
        uses:
            - 'actions/cache@55cc8345863c7cc4c66a329aec7e433d2d1c52a9'
            - 'aquasecurity/setup-trivy@81e514348e19b6112ce2a7e3ecbafe19c1e1f567'
    'astral-sh/setup-uv@v4.2.0':
        ref: 'v4.2.0'
        commit: 'sha1-38f3f104447c67c051c4a08e39b64a148898af3a'
        owner_id: 115962839
        repo_id: 846733598
    'docker/build-push-action@v6.19.2':
        ref: 'v6.19.2'
        commit: 'sha1-10e90e3645eae34f1e60eeb005ba3a3d33f178e8'
        owner_id: 5429470
        repo_id: 241092383
    'docker/login-action@v3.7.0':
        ref: 'v3.7.0'
        commit: 'sha1-c94ce9fb468520275223c153574b00df6fe4bcc9'
        owner_id: 5429470
        repo_id: 287743349
    'docker/setup-buildx-action@v3.12.0':
        ref: 'v3.12.0'
        commit: 'sha1-8d2750c68a42422c14e847fe6c8ac0403b4cbd6f'
        owner_id: 5429470
        repo_id: 288485773
