# This workflow is managed by gh actions-lock.

name: Verify Actions Lockfile
on:
  pull_request:
    paths:
      - '.github/workflows/**'

jobs:
  verify:
    runs-on: ubuntu-latest
    steps:
      - uses: actions/checkout@v4.4.0

      - name: Install gh-actions-lock extension
        env:
          GH_TOKEN: ${{ github.token }}
        run: gh extension install github/gh-actions-lock --pin v0.1.6

      - name: Verify Lockfile
        env:
          GH_TOKEN: ${{ github.token }}
        run: gh actions-lock --verify
